// !$*UTF8*$!
{
	archiveVersion = 1;
	classes = {
	};
	objectVersion = 46;
	objects = {

/* Begin PBXBuildFile section */
		06C7F11A1DCE72490077F55C /* DalVC.swift in Sources */ = {isa = PBXBuildFile; fileRef = 06C7F1191DCE72490077F55C /* DalVC.swift */; };
		06D9D0FC1DCE5569006F6F56 /* AppDelegate.swift in Sources */ = {isa = PBXBuildFile; fileRef = 06D9D0FB1DCE5569006F6F56 /* AppDelegate.swift */; };
		06D9D0FE1DCE5569006F6F56 /* MainVC.swift in Sources */ = {isa = PBXBuildFile; fileRef = 06D9D0FD1DCE5569006F6F56 /* MainVC.swift */; };
		06D9D1011DCE5569006F6F56 /* Main.storyboard in Resources */ = {isa = PBXBuildFile; fileRef = 06D9D0FF1DCE5569006F6F56 /* Main.storyboard */; };
		06D9D1031DCE5569006F6F56 /* Assets.xcassets in Resources */ = {isa = PBXBuildFile; fileRef = 06D9D1021DCE5569006F6F56 /* Assets.xcassets */; };
		06D9D1061DCE5569006F6F56 /* LaunchScreen.storyboard in Resources */ = {isa = PBXBuildFile; fileRef = 06D9D1041DCE5569006F6F56 /* LaunchScreen.storyboard */; };
/* End PBXBuildFile section */

/* Begin PBXFileReference section */
		06C7F1191DCE72490077F55C /* DalVC.swift */ = {isa = PBXFileReference; fileEncoding = 4; lastKnownFileType = sourcecode.swift; path = DalVC.swift; sourceTree = "<group>"; };
		06D9D0F81DCE5569006F6F56 /* enekes2.app */ = {isa = PBXFileReference; explicitFileType = wrapper.application; includeInIndex = 0; path = enekes2.app; sourceTree = BUILT_PRODUCTS_DIR; };
		06D9D0FB1DCE5569006F6F56 /* AppDelegate.swift */ = {isa = PBXFileReference; lastKnownFileType = sourcecode.swift; path = AppDelegate.swift; sourceTree = "<group>"; };
		06D9D0FD1DCE5569006F6F56 /* MainVC.swift */ = {isa = PBXFileReference; lastKnownFileType = sourcecode.swift; path = MainVC.swift; sourceTree = "<group>"; };
		06D9D1001DCE5569006F6F56 /* Base */ = {isa = PBXFileReference; lastKnownFileType = file.storyboard; name = Base; path = Base.lproj/Main.storyboard; sourceTree = "<group>"; };
		06D9D1021DCE5569006F6F56 /* Assets.xcassets */ = {isa = PBXFileReference; lastKnownFileType = folder.assetcatalog; path = Assets.xcassets; sourceTree = "<group>"; };
		06D9D1051DCE5569006F6F56 /* Base */ = {isa = PBXFileReference; lastKnownFileType = file.storyboard; name = Base; path = Base.lproj/LaunchScreen.storyboard; sourceTree = "<group>"; };
		06D9D1071DCE5569006F6F56 /* Info.plist */ = {isa = PBXFileReference; lastKnownFileType = text.plist.xml; path = Info.plist; sourceTree = "<group>"; };
/* End PBXFileReference section */

/* Begin PBXFrameworksBuildPhase section */
		06D9D0F51DCE5569006F6F56 /* Frameworks */ = {
			isa = PBXFrameworksBuildPhase;
			buildActionMask = 2147483647;
			files = (
			);
			runOnlyForDeploymentPostprocessing = 0;
		};
/* End PBXFrameworksBuildPhase section */

/* Begin PBXGroup section */
		06D9D0EF1DCE5568006F6F56 = {
			isa = PBXGroup;
			children = (
				06D9D0FA1DCE5569006F6F56 /* enekes2 */,
				06D9D0F91DCE5569006F6F56 /* Products */,
			);
			sourceTree = "<group>";
		};
		06D9D0F91DCE5569006F6F56 /* Products */ = {
			isa = PBXGroup;
			children = (
				06D9D0F81DCE5569006F6F56 /* enekes2.app */,
			);
			name = Products;
			sourceTree = "<group>";
		};
		06D9D0FA1DCE5569006F6F56 /* enekes2 */ = {
			isa = PBXGroup;
			children = (
				06D9D0FB1DCE5569006F6F56 /* AppDelegate.swift */,
				06D9D0FD1DCE5569006F6F56 /* MainVC.swift */,
				06C7F1191DCE72490077F55C /* DalVC.swift */,
				06D9D0FF1DCE5569006F6F56 /* Main.storyboard */,
				06D9D1021DCE5569006F6F56 /* Assets.xcassets */,
				06D9D1041DCE5569006F6F56 /* LaunchScreen.storyboard */,
				06D9D1071DCE5569006F6F56 /* Info.plist */,
			);
			path = enekes2;
			sourceTree = "<group>";
		};
/* End PBXGroup section */

/* Begin PBXNativeTarget section */
		06D9D0F71DCE5569006F6F56 /* enekes2 */ = {
			isa = PBXNativeTarget;
			buildConfigurationList = 06D9D10A1DCE5569006F6F56 /* Build configuration list for PBXNativeTarget "enekes2" */;
			buildPhases = (
				06D9D0F41DCE5569006F6F56 /* Sources */,
				06D9D0F51DCE5569006F6F56 /* Frameworks */,
				06D9D0F61DCE5569006F6F56 /* Resources */,
			);
			buildRules = (
			);
			dependencies = (
			);
			name = enekes2;
			productName = enekes2;
			productReference = 06D9D0F81DCE5569006F6F56 /* enekes2.app */;
			productType = "com.apple.product-type.application";
		};
/* End PBXNativeTarget section */

/* Begin PBXProject section */
		06D9D0F01DCE5568006F6F56 /* Project object */ = {
			isa = PBXProject;
			attributes = {
				LastSwiftUpdateCheck = 0810;
				LastUpgradeCheck = 0810;
				ORGANIZATIONNAME = erdgabios;
				TargetAttributes = {
					06D9D0F71DCE5569006F6F56 = {
						CreatedOnToolsVersion = 8.1;
						DevelopmentTeam = B9F42LDLFJ;
						ProvisioningStyle = Automatic;
					};
				};
			};
			buildConfigurationList = 06D9D0F31DCE5568006F6F56 /* Build configuration list for PBXProject "enekes2" */;
			compatibilityVersion = "Xcode 3.2";
			developmentRegion = English;
			hasScannedForEncodings = 0;
			knownRegions = (
				en,
				Base,
			);
			mainGroup = 06D9D0EF1DCE5568006F6F56;
			productRefGroup = 06D9D0F91DCE5569006F6F56 /* Products */;
			projectDirPath = "";
			projectRoot = "";
			targets = (
				06D9D0F71DCE5569006F6F56 /* enekes2 */,
			);
		};
/* End PBXProject section */

/* Begin PBXResourcesBuildPhase section */
		06D9D0F61DCE5569006F6F56 /* Resources */ = {
			isa = PBXResourcesBuildPhase;
			buildActionMask = 2147483647;
			files = (
				06D9D1061DCE5569006F6F56 /* LaunchScreen.storyboard in Resources */,
				06D9D1031DCE5569006F6F56 /* Assets.xcassets in Resources */,
				06D9D1011DCE5569006F6F56 /* Main.storyboard in Resources */,
			);
			runOnlyForDeploymentPostprocessing = 0;
		};
/* End PBXResourcesBuildPhase section */

/* Begin PBXSourcesBuildPhase section */
		06D9D0F41DCE5569006F6F56 /* Sources */ = {
			isa = PBXSourcesBuildPhase;
			buildActionMask = 2147483647;
			files = (
				06D9D0FE1DCE5569006F6F56 /* MainVC.swift in Sources */,
				06D9D0FC1DCE5569006F6F56 /* AppDelegate.swift in Sources */,
				06C7F11A1DCE72490077F55C /* DalVC.swift in Sources */,
			);
			runOnlyForDeploymentPostprocessing = 0;
		};
/* End PBXSourcesBuildPhase section */

/* Begin PBXVariantGroup section */
		06D9D0FF1DCE5569006F6F56 /* Main.storyboard */ = {
			isa = PBXVariantGroup;
			children = (
				06D9D1001DCE5569006F6F56 /* Base */,
			);
			name = Main.storyboard;
			sourceTree = "<group>";
		};
		06D9D1041DCE5569006F6F56 /* LaunchScreen.storyboard */ = {
			isa = PBXVariantGroup;
			children = (
				06D9D1051DCE5569006F6F56 /* Base */,
			);
			name = LaunchScreen.storyboard;
			sourceTree = "<group>";
		};
/* End PBXVariantGroup section */

/* Begin XCBuildConfiguration section */
		06D9D1081DCE5569006F6F56 /* Debug */ = {
			isa = XCBuildConfiguration;
			buildSettings = {
				ALWAYS_SEARCH_USER_PATHS = NO;
				CLANG_ANALYZER_NONNULL = YES;
				CLANG_CXX_LANGUAGE_STANDARD = "gnu++0x";
				CLANG_CXX_LIBRARY = "libc++";
				CLANG_ENABLE_MODULES = YES;
				CLANG_ENABLE_OBJC_ARC = YES;
				CLANG_WARN_BOOL_CONVERSION = YES;
				CLANG_WARN_CONSTANT_CONVERSION = YES;
				CLANG_WARN_DIRECT_OBJC_ISA_USAGE = YES_ERROR;
				CLANG_WARN_DOCUMENTATION_COMMENTS = YES;
				CLANG_WARN_EMPTY_BODY = YES;
				CLANG_WARN_ENUM_CONVERSION = YES;
				CLANG_WARN_INFINITE_RECURSION = YES;
				CLANG_WARN_INT_CONVERSION = YES;
				CLANG_WARN_OBJC_ROOT_CLASS = YES_ERROR;
				CLANG_WARN_SUSPICIOUS_MOVES = YES;
				CLANG_WARN_UNREACHABLE_CODE = YES;
				CLANG_WARN__DUPLICATE_METHOD_MATCH = YES;
				"CODE_SIGN_IDENTITY[sdk=iphoneos*]" = "iPhone Developer";
				COPY_PHASE_STRIP = NO;
				DEBUG_INFORMATION_FORMAT = dwarf;
				ENABLE_STRICT_OBJC_MSGSEND = YES;
				ENABLE_TESTABILITY = YES;
				GCC_C_LANGUAGE_STANDARD = gnu99;
				GCC_DYNAMIC_NO_PIC = NO;
				GCC_NO_COMMON_BLOCKS = YES;
				GCC_OPTIMIZATION_LEVEL = 0;
				GCC_PREPROCESSOR_DEFINITIONS = (
					"DEBUG=1",
					"$(inherited)",
				);
				GCC_WARN_64_TO_32_BIT_CONVERSION = YES;
				GCC_WARN_ABOUT_RETURN_TYPE = YES_ERROR;
				GCC_WARN_UNDECLARED_SELECTOR = YES;
				GCC_WARN_UNINITIALIZED_AUTOS = YES_AGGRESSIVE;
				GCC_WARN_UNUSED_FUNCTION = YES;
				GCC_WARN_UNUSED_VARIABLE = YES;
				IPHONEOS_DEPLOYMENT_TARGET = 10.1;
				MTL_ENABLE_DEBUG_INFO = YES;
				ONLY_ACTIVE_ARCH = YES;
				SDKROOT = iphoneos;
				SWIFT_ACTIVE_COMPILATION_CONDITIONS = DEBUG;
				SWIFT_OPTIMIZATION_LEVEL = "-Onone";
				TARGETED_DEVICE_FAMILY = "1,2";
			};
			name = Debug;
		};
		06D9D1091DCE5569006F6F56 /* Release */ = {
			isa = XCBuildConfiguration;
			buildSettings = {
				ALWAYS_SEARCH_USER_PATHS = NO;
				CLANG_ANALYZER_NONNULL = YES;
				CLANG_CXX_LANGUAGE_STANDARD = "gnu++0x";
				CLANG_CXX_LIBRARY = "libc++";
				CLANG_ENABLE_MODULES = YES;
				CLANG_ENABLE_OBJC_ARC = YES;
				CLANG_WARN_BOOL_CONVERSION = YES;
				CLANG_WARN_CONSTANT_CONVERSION = YES;
				CLANG_WARN_DIRECT_OBJC_ISA_USAGE = YES_ERROR;
				CLANG_WARN_DOCUMENTATION_COMMENTS = YES;
				CLANG_WARN_EMPTY_BODY = YES;
				CLANG_WARN_ENUM_CONVERSION = YES;
				CLANG_WARN_INFINITE_RECURSION = YES;
				CLANG_WARN_INT_CONVERSION = YES;
				CLANG_WARN_OBJC_ROOT_CLASS = YES_ERROR;
				CLANG_WARN_SUSPICIOUS_MOVES = YES;
				CLANG_WARN_UNREACHABLE_CODE = YES;
				CLANG_WARN__DUPLICATE_METHOD_MATCH = YES;
				"CODE_SIGN_IDENTITY[sdk=iphoneos*]" = "iPhone Developer";
				COPY_PHASE_STRIP = NO;
				DEBUG_INFORMATION_FORMAT = "dwarf-with-dsym";
				ENABLE_NS_ASSERTIONS = NO;
				ENABLE_STRICT_OBJC_MSGSEND = YES;
				GCC_C_LANGUAGE_STANDARD = gnu99;
				GCC_NO_COMMON_BLOCKS = YES;
				GCC_WARN_64_TO_32_BIT_CONVERSION = YES;
				GCC_WARN_ABOUT_RETURN_TYPE = YES_ERROR;
				GCC_WARN_UNDECLARED_SELECTOR = YES;
				GCC_WARN_UNINITIALIZED_AUTOS = YES_AGGRESSIVE;
				GCC_WARN_UNUSED_FUNCTION = YES;
				GCC_WARN_UNUSED_VARIABLE = YES;
				IPHONEOS_DEPLOYMENT_TARGET = 10.1;
				MTL_ENABLE_DEBUG_INFO = NO;
				SDKROOT = iphoneos;
				SWIFT_OPTIMIZATION_LEVEL = "-Owholemodule";
				TARGETED_DEVICE_FAMILY = "1,2";
				VALIDATE_PRODUCT = YES;
			};
			name = Release;
		};
		06D9D10B1DCE5569006F6F56 /* Debug */ = {
			isa = XCBuildConfiguration;
			buildSettings = {
				ASSETCATALOG_COMPILER_APPICON_NAME = AppIcon;
				DEVELOPMENT_TEAM = B9F42LDLFJ;
				INFOPLIST_FILE = enekes2/Info.plist;
				LD_RUNPATH_SEARCH_PATHS = "$(inherited) @executable_path/Frameworks";
				PRODUCT_BUNDLE_IDENTIFIER = com.erdgabios.enekes2;
				PRODUCT_NAME = "$(TARGET_NAME)";
				SWIFT_VERSION = 3.0;
			};
			name = Debug;
		};
		06D9D10C1DCE5569006F6F56 /* Release */ = {
			isa = XCBuildConfiguration;
			buildSettings = {
				ASSETCATALOG_COMPILER_APPICON_NAME = AppIcon;
				DEVELOPMENT_TEAM = B9F42LDLFJ;
				INFOPLIST_FILE = enekes2/Info.plist;
				LD_RUNPATH_SEARCH_PATHS = "$(inherited) @executable_path/Frameworks";
				PRODUCT_BUNDLE_IDENTIFIER = com.erdgabios.enekes2;
				PRODUCT_NAME = "$(TARGET_NAME)";
				SWIFT_VERSION = 3.0;
			};
			name = Release;
		};
/* End XCBuildConfiguration section */

/* Begin XCConfigurationList section */
		06D9D0F31DCE5568006F6F56 /* Build configuration list for PBXProject "enekes2" */ = {
			isa = XCConfigurationList;
			buildConfigurations = (
				06D9D1081DCE5569006F6F56 /* Debug */,
				06D9D1091DCE5569006F6F56 /* Release */,
			);
			defaultConfigurationIsVisible = 0;
			defaultConfigurationName = Release;
		};
		06D9D10A1DCE5569006F6F56 /* Build configuration list for PBXNativeTarget "enekes2" */ = {
			isa = XCConfigurationList;
			buildConfigurations = (
				06D9D10B1DCE5569006F6F56 /* Debug */,
				06D9D10C1DCE5569006F6F56 /* Release */,
			);
			defaultConfigurationIsVisible = 0;
			defaultConfigurationName = Release;
		};
/* End XCConfigurationList section */
	};
	rootObject = 06D9D0F01DCE5568006F6F56 /* Project object */;
}
